
Microsoft Visual Studio Solution File, Format Version 12.00
# Visual Studio Version 16
VisualStudioVersion = 16.0.31402.337
MinimumVisualStudioVersion = 10.0.40219.1
Project("{FAE04EC0-301F-11D3-BF4B-00C04F79EFBC}") = "BancoSnorlax.Test", "BancoSnorlax.Test\BancoSnorlax.Test.csproj", "{8DB5FAB3-C027-4C74-BA1E-51DAAF49D613}"
EndProject
Global
	GlobalSection(SolutionConfigurationPlatforms) = preSolution
		Debug|Any CPU = Debug|Any CPU
		Release|Any CPU = Release|Any CPU
	EndGlobalSection
	GlobalSection(ProjectConfigurationPlatforms) = postSolution
		{8DB5FAB3-C027-4C74-BA1E-51DAAF49D613}.Debug|Any CPU.ActiveCfg = Debug|Any CPU
		{8DB5FAB3-C027-4C74-BA1E-51DAAF49D613}.Debug|Any CPU.Build.0 = Debug|Any CPU
		{8DB5FAB3-C027-4C74-BA1E-51DAAF49D613}.Release|Any CPU.ActiveCfg = Release|Any CPU
		{8DB5FAB3-C027-4C74-BA1E-51DAAF49D613}.Release|Any CPU.Build.0 = Release|Any CPU
	EndGlobalSection
	GlobalSection(SolutionProperties) = preSolution
		HideSolutionNode = FALSE
	EndGlobalSection
	GlobalSection(ExtensibilityGlobals) = postSolution
		SolutionGuid = {AFD69BE9-92E0-4591-84FC-71F264B1BC20}
	EndGlobalSection
EndGlobal
