
Microsoft Visual Studio Solution File, Format Version 12.00
# Visual Studio Version 16
VisualStudioVersion = 16.0.31402.337
MinimumVisualStudioVersion = 10.0.40219.1
Project("{9A19103F-16F7-4668-BE54-9A1E7A4F7556}") = "BancoSnorlax.Test", "BancoSnorlax.Test\BancoSnorlax.Test.csproj", "{8DB5FAB3-C027-4C74-BA1E-51DAAF49D613}"
EndProject
Project("{9A19103F-16F7-4668-BE54-9A1E7A4F7556}") = "BancoSnorlax.Domain", "BancoSnorlax.Domain\BancoSnorlax.Domain.csproj", "{A7C05523-EAFD-42AD-96F1-84B05D4FF962}"
EndProject
Project("{9A19103F-16F7-4668-BE54-9A1E7A4F7556}") = "BancoSnorlax.Data", "BancoSnorlax.Data\BancoSnorlax.Data.csproj", "{F35868CE-97A6-468D-AA77-206BE358BF41}"
EndProject
Project("{FAE04EC0-301F-11D3-BF4B-00C04F79EFBC}") = "BancoSnorlax.ApiRead", "BancoSnorlax.ApiRead\BancoSnorlax.ApiRead.csproj", "{D4CFDB82-B73F-4939-B7AB-7E05249C34E3}"
EndProject
Project("{FAE04EC0-301F-11D3-BF4B-00C04F79EFBC}") = "BancoSnorlax.ApiWrite", "BancoSnorlax.ApiWrite\BancoSnorlax.ApiWrite.csproj", "{05FBD733-44C1-4273-A30D-CA1A6DD5F021}"
EndProject
Project("{FAE04EC0-301F-11D3-BF4B-00C04F79EFBC}") = "BancoSnorlax.Services.Common", "BancoSnorlax.Services.Common\BancoSnorlax.Services.Common.csproj", "{5F7767E7-FE67-4586-BCB3-7F0952220697}"
EndProject
Global
	GlobalSection(SolutionConfigurationPlatforms) = preSolution
		Debug|Any CPU = Debug|Any CPU
		Release|Any CPU = Release|Any CPU
	EndGlobalSection
	GlobalSection(ProjectConfigurationPlatforms) = postSolution
		{8DB5FAB3-C027-4C74-BA1E-51DAAF49D613}.Debug|Any CPU.ActiveCfg = Debug|Any CPU
		{8DB5FAB3-C027-4C74-BA1E-51DAAF49D613}.Debug|Any CPU.Build.0 = Debug|Any CPU
		{8DB5FAB3-C027-4C74-BA1E-51DAAF49D613}.Release|Any CPU.ActiveCfg = Release|Any CPU
		{8DB5FAB3-C027-4C74-BA1E-51DAAF49D613}.Release|Any CPU.Build.0 = Release|Any CPU
		{A7C05523-EAFD-42AD-96F1-84B05D4FF962}.Debug|Any CPU.ActiveCfg = Debug|Any CPU
		{A7C05523-EAFD-42AD-96F1-84B05D4FF962}.Debug|Any CPU.Build.0 = Debug|Any CPU
		{A7C05523-EAFD-42AD-96F1-84B05D4FF962}.Release|Any CPU.ActiveCfg = Release|Any CPU
		{A7C05523-EAFD-42AD-96F1-84B05D4FF962}.Release|Any CPU.Build.0 = Release|Any CPU
		{F35868CE-97A6-468D-AA77-206BE358BF41}.Debug|Any CPU.ActiveCfg = Debug|Any CPU
		{F35868CE-97A6-468D-AA77-206BE358BF41}.Debug|Any CPU.Build.0 = Debug|Any CPU
		{F35868CE-97A6-468D-AA77-206BE358BF41}.Release|Any CPU.ActiveCfg = Release|Any CPU
		{F35868CE-97A6-468D-AA77-206BE358BF41}.Release|Any CPU.Build.0 = Release|Any CPU
		{D4CFDB82-B73F-4939-B7AB-7E05249C34E3}.Debug|Any CPU.ActiveCfg = Debug|Any CPU
		{D4CFDB82-B73F-4939-B7AB-7E05249C34E3}.Debug|Any CPU.Build.0 = Debug|Any CPU
		{D4CFDB82-B73F-4939-B7AB-7E05249C34E3}.Release|Any CPU.ActiveCfg = Release|Any CPU
		{D4CFDB82-B73F-4939-B7AB-7E05249C34E3}.Release|Any CPU.Build.0 = Release|Any CPU
		{05FBD733-44C1-4273-A30D-CA1A6DD5F021}.Debug|Any CPU.ActiveCfg = Debug|Any CPU
		{05FBD733-44C1-4273-A30D-CA1A6DD5F021}.Debug|Any CPU.Build.0 = Debug|Any CPU
		{05FBD733-44C1-4273-A30D-CA1A6DD5F021}.Release|Any CPU.ActiveCfg = Release|Any CPU
		{05FBD733-44C1-4273-A30D-CA1A6DD5F021}.Release|Any CPU.Build.0 = Release|Any CPU
		{5F7767E7-FE67-4586-BCB3-7F0952220697}.Debug|Any CPU.ActiveCfg = Debug|Any CPU
		{5F7767E7-FE67-4586-BCB3-7F0952220697}.Debug|Any CPU.Build.0 = Debug|Any CPU
		{5F7767E7-FE67-4586-BCB3-7F0952220697}.Release|Any CPU.ActiveCfg = Release|Any CPU
		{5F7767E7-FE67-4586-BCB3-7F0952220697}.Release|Any CPU.Build.0 = Release|Any CPU
	EndGlobalSection
	GlobalSection(SolutionProperties) = preSolution
		HideSolutionNode = FALSE
	EndGlobalSection
	GlobalSection(ExtensibilityGlobals) = postSolution
		SolutionGuid = {AFD69BE9-92E0-4591-84FC-71F264B1BC20}
	EndGlobalSection
EndGlobal
